// !$*UTF8*$!
{
	archiveVersion = 1;
	classes = {
	};
	objectVersion = 50;
	objects = {

/* Begin PBXBuildFile section */
		C80D345925E2B7CD00E40013 /* AppDelegate.swift in Sources */ = {isa = PBXBuildFile; fileRef = C80D345825E2B7CD00E40013 /* AppDelegate.swift */; };
		C80D345D25E2B7CD00E40013 /* LoginViewController.swift in Sources */ = {isa = PBXBuildFile; fileRef = C80D345C25E2B7CD00E40013 /* LoginViewController.swift */; };
		C80D346025E2B7CD00E40013 /* LoginViewController.storyboard in Resources */ = {isa = PBXBuildFile; fileRef = C80D345E25E2B7CD00E40013 /* LoginViewController.storyboard */; };
		C80D346325E2B7CD00E40013 /* MovieApp.xcdatamodeld in Sources */ = {isa = PBXBuildFile; fileRef = C80D346125E2B7CD00E40013 /* MovieApp.xcdatamodeld */; };
		C80D346525E2B7CF00E40013 /* Assets.xcassets in Resources */ = {isa = PBXBuildFile; fileRef = C80D346425E2B7CF00E40013 /* Assets.xcassets */; };
		C80D346825E2B7CF00E40013 /* LaunchScreen.storyboard in Resources */ = {isa = PBXBuildFile; fileRef = C80D346625E2B7CF00E40013 /* LaunchScreen.storyboard */; };
		C80D347325E2B7CF00E40013 /* MovieAppTests.swift in Sources */ = {isa = PBXBuildFile; fileRef = C80D347225E2B7CF00E40013 /* MovieAppTests.swift */; };
		C80D347E25E2B7D000E40013 /* MovieAppUITests.swift in Sources */ = {isa = PBXBuildFile; fileRef = C80D347D25E2B7D000E40013 /* MovieAppUITests.swift */; };
		C80D34A025E2BD8200E40013 /* LoginViewModel.swift in Sources */ = {isa = PBXBuildFile; fileRef = C80D349F25E2BD8200E40013 /* LoginViewModel.swift */; };
		C80D34BA25E2D93A00E40013 /* Observable.swift in Sources */ = {isa = PBXBuildFile; fileRef = C80D34B925E2D93A00E40013 /* Observable.swift */; };
		C80D34C425E2FAD300E40013 /* AppDIContainer.swift in Sources */ = {isa = PBXBuildFile; fileRef = C80D34C325E2FAD300E40013 /* AppDIContainer.swift */; };
		C80D34CC25E2FAEF00E40013 /* AppConfiguration.swift in Sources */ = {isa = PBXBuildFile; fileRef = C80D34CB25E2FAEF00E40013 /* AppConfiguration.swift */; };
		C80D34D125E2FB3100E40013 /* MoviesSceneDIContainer.swift in Sources */ = {isa = PBXBuildFile; fileRef = C80D34D025E2FB3100E40013 /* MoviesSceneDIContainer.swift */; };
		C80D34DA25E2FBA500E40013 /* DataTransferService.swift in Sources */ = {isa = PBXBuildFile; fileRef = C80D34D925E2FBA500E40013 /* DataTransferService.swift */; };
		C80D34DF25E2FBC500E40013 /* NetworkService.swift in Sources */ = {isa = PBXBuildFile; fileRef = C80D34DE25E2FBC500E40013 /* NetworkService.swift */; };
		C80D34E425E2FBF400E40013 /* Endpoint.swift in Sources */ = {isa = PBXBuildFile; fileRef = C80D34E325E2FBF400E40013 /* Endpoint.swift */; };
		C80D34E925E2FC1200E40013 /* NetworkConfig.swift in Sources */ = {isa = PBXBuildFile; fileRef = C80D34E825E2FC1200E40013 /* NetworkConfig.swift */; };
		C80D34EE25E3015100E40013 /* StoryboardInstantiable.swift in Sources */ = {isa = PBXBuildFile; fileRef = C80D34ED25E3015100E40013 /* StoryboardInstantiable.swift */; };
		C80D34F325E303CB00E40013 /* AppCoordinator.swift in Sources */ = {isa = PBXBuildFile; fileRef = C80D34F225E303CB00E40013 /* AppCoordinator.swift */; };
		C80D34F925E307A100E40013 /* LoginFlowCoordinator.swift in Sources */ = {isa = PBXBuildFile; fileRef = C80D34F825E307A100E40013 /* LoginFlowCoordinator.swift */; };
		C80D352B25E3128A00E40013 /* Alertable.swift in Sources */ = {isa = PBXBuildFile; fileRef = C80D352A25E3128A00E40013 /* Alertable.swift */; };
		C80D353B25E31E2F00E40013 /* LoginUseCase.swift in Sources */ = {isa = PBXBuildFile; fileRef = C80D353A25E31E2F00E40013 /* LoginUseCase.swift */; };
		C80D354125E31F4900E40013 /* DefaultLoginRepository.swift in Sources */ = {isa = PBXBuildFile; fileRef = C80D354025E31F4900E40013 /* DefaultLoginRepository.swift */; };
		C80D354725E31F7E00E40013 /* LoginRepository.swift in Sources */ = {isa = PBXBuildFile; fileRef = C80D354625E31F7E00E40013 /* LoginRepository.swift */; };
		C80D354F25E337AC00E40013 /* MovieListViewModel.swift in Sources */ = {isa = PBXBuildFile; fileRef = C80D354E25E337AC00E40013 /* MovieListViewModel.swift */; };
		C80D355425E3389A00E40013 /* Movie.swift in Sources */ = {isa = PBXBuildFile; fileRef = C80D355325E3389A00E40013 /* Movie.swift */; };
		C80D355925E33A5800E40013 /* SearchMovieUseCase.swift in Sources */ = {isa = PBXBuildFile; fileRef = C80D355825E33A5800E40013 /* SearchMovieUseCase.swift */; };
		C80D356125E33AC200E40013 /* MoviesRepository.swift in Sources */ = {isa = PBXBuildFile; fileRef = C80D356025E33AC200E40013 /* MoviesRepository.swift */; };
		C80D356625E33AE700E40013 /* MovieQuery.swift in Sources */ = {isa = PBXBuildFile; fileRef = C80D356525E33AE700E40013 /* MovieQuery.swift */; };
		C80D356B25E33B1700E40013 /* Cancellable.swift in Sources */ = {isa = PBXBuildFile; fileRef = C80D356A25E33B1700E40013 /* Cancellable.swift */; };
		C80D357025E33BA000E40013 /* DefaultMoviesRepository.swift in Sources */ = {isa = PBXBuildFile; fileRef = C80D356F25E33BA000E40013 /* DefaultMoviesRepository.swift */; };
		C80D357725E33CA900E40013 /* APIEndpoints.swift in Sources */ = {isa = PBXBuildFile; fileRef = C80D357625E33CA900E40013 /* APIEndpoints.swift */; };
		C80D357C25E34B8300E40013 /* MoviesRequest+Mapping.swift in Sources */ = {isa = PBXBuildFile; fileRef = C80D357B25E34B8300E40013 /* MoviesRequest+Mapping.swift */; };
		C80D358125E34B9B00E40013 /* MoviesResponse+Mapping.swift in Sources */ = {isa = PBXBuildFile; fileRef = C80D358025E34B9A00E40013 /* MoviesResponse+Mapping.swift */; };
		C80D358725E34DBC00E40013 /* RepositoryTask.swift in Sources */ = {isa = PBXBuildFile; fileRef = C80D358625E34DBC00E40013 /* RepositoryTask.swift */; };
		C80D358C25E34F0500E40013 /* MovieListViewController.swift in Sources */ = {isa = PBXBuildFile; fileRef = C80D358B25E34F0500E40013 /* MovieListViewController.swift */; };
		C80D359125E34F1200E40013 /* MovieListViewController.storyboard in Resources */ = {isa = PBXBuildFile; fileRef = C80D359025E34F1200E40013 /* MovieListViewController.storyboard */; };
		C80D359825E3557300E40013 /* MovieListTableViewController.swift in Sources */ = {isa = PBXBuildFile; fileRef = C80D359725E3557300E40013 /* MovieListTableViewController.swift */; };
		C80D359D25E356C500E40013 /* MovieListItemCell.swift in Sources */ = {isa = PBXBuildFile; fileRef = C80D359C25E356C500E40013 /* MovieListItemCell.swift */; };
		C80D35A525E35CA700E40013 /* PosterImagesRepository.swift in Sources */ = {isa = PBXBuildFile; fileRef = C80D35A425E35CA700E40013 /* PosterImagesRepository.swift */; };
		C80D35AA25E35D9000E40013 /* MovieListItemViewModel.swift in Sources */ = {isa = PBXBuildFile; fileRef = C80D35A925E35D9000E40013 /* MovieListItemViewModel.swift */; };
		C80D35B225E35F3C00E40013 /* ConnectionError.swift in Sources */ = {isa = PBXBuildFile; fileRef = C80D35B125E35F3C00E40013 /* ConnectionError.swift */; };
		C80D35B725E3603900E40013 /* MovieSearchFlowCoordinator.swift in Sources */ = {isa = PBXBuildFile; fileRef = C80D35B625E3603900E40013 /* MovieSearchFlowCoordinator.swift */; };
		C80D35BC25E3633600E40013 /* DefaultPosterImagesRepository.swift in Sources */ = {isa = PBXBuildFile; fileRef = C80D35BB25E3633600E40013 /* DefaultPosterImagesRepository.swift */; };
		C80D35C125E36C7400E40013 /* AccessibilityIdentifier.swift in Sources */ = {isa = PBXBuildFile; fileRef = C80D35C025E36C7400E40013 /* AccessibilityIdentifier.swift */; };
		C80D35C625E36D8700E40013 /* UIImageView+ImageSizeAfterAspectFit.swift in Sources */ = {isa = PBXBuildFile; fileRef = C80D35C525E36D8700E40013 /* UIImageView+ImageSizeAfterAspectFit.swift */; };
		C80D35CB25E36E0300E40013 /* UIViewController+make.swift in Sources */ = {isa = PBXBuildFile; fileRef = C80D35CA25E36E0300E40013 /* UIViewController+make.swift */; };
		C80D35D025E36E9A00E40013 /* CGSize+ScaledSize.swift in Sources */ = {isa = PBXBuildFile; fileRef = C80D35CF25E36E9A00E40013 /* CGSize+ScaledSize.swift */; };
		C80D35D525E36EF100E40013 /* LoadingView.swift in Sources */ = {isa = PBXBuildFile; fileRef = C80D35D425E36EF100E40013 /* LoadingView.swift */; };
		C80D35DB25E36FC400E40013 /* BackButtonEmptyTitleNavigationBarBehavior.swift in Sources */ = {isa = PBXBuildFile; fileRef = C80D35DA25E36FC400E40013 /* BackButtonEmptyTitleNavigationBarBehavior.swift */; };
		C80D35E325E36FE900E40013 /* BlackStyleNavigationBarBehavior.swift in Sources */ = {isa = PBXBuildFile; fileRef = C80D35E225E36FE900E40013 /* BlackStyleNavigationBarBehavior.swift */; };
		C80D35E825E3701300E40013 /* UIViewController+AddBehaviors.swift in Sources */ = {isa = PBXBuildFile; fileRef = C80D35E725E3701300E40013 /* UIViewController+AddBehaviors.swift */; };
/* End PBXBuildFile section */

/* Begin PBXContainerItemProxy section */
		C80D346F25E2B7CF00E40013 /* PBXContainerItemProxy */ = {
			isa = PBXContainerItemProxy;
			containerPortal = C80D344D25E2B7CC00E40013 /* Project object */;
			proxyType = 1;
			remoteGlobalIDString = C80D345425E2B7CD00E40013;
			remoteInfo = MovieApp;
		};
		C80D347A25E2B7D000E40013 /* PBXContainerItemProxy */ = {
			isa = PBXContainerItemProxy;
			containerPortal = C80D344D25E2B7CC00E40013 /* Project object */;
			proxyType = 1;
			remoteGlobalIDString = C80D345425E2B7CD00E40013;
			remoteInfo = MovieApp;
		};
/* End PBXContainerItemProxy section */

/* Begin PBXFileReference section */
		C80D345525E2B7CD00E40013 /* MovieApp.app */ = {isa = PBXFileReference; explicitFileType = wrapper.application; includeInIndex = 0; path = MovieApp.app; sourceTree = BUILT_PRODUCTS_DIR; };
		C80D345825E2B7CD00E40013 /* AppDelegate.swift */ = {isa = PBXFileReference; lastKnownFileType = sourcecode.swift; path = AppDelegate.swift; sourceTree = "<group>"; };
		C80D345C25E2B7CD00E40013 /* LoginViewController.swift */ = {isa = PBXFileReference; lastKnownFileType = sourcecode.swift; path = LoginViewController.swift; sourceTree = "<group>"; };
		C80D345F25E2B7CD00E40013 /* Base */ = {isa = PBXFileReference; lastKnownFileType = file.storyboard; name = Base; path = Base.lproj/LoginViewController.storyboard; sourceTree = "<group>"; };
		C80D346225E2B7CD00E40013 /* MovieApp.xcdatamodel */ = {isa = PBXFileReference; lastKnownFileType = wrapper.xcdatamodel; path = MovieApp.xcdatamodel; sourceTree = "<group>"; };
		C80D346425E2B7CF00E40013 /* Assets.xcassets */ = {isa = PBXFileReference; lastKnownFileType = folder.assetcatalog; path = Assets.xcassets; sourceTree = "<group>"; };
		C80D346725E2B7CF00E40013 /* Base */ = {isa = PBXFileReference; lastKnownFileType = file.storyboard; name = Base; path = Base.lproj/LaunchScreen.storyboard; sourceTree = "<group>"; };
		C80D346925E2B7CF00E40013 /* Info.plist */ = {isa = PBXFileReference; lastKnownFileType = text.plist.xml; path = Info.plist; sourceTree = "<group>"; };
		C80D346E25E2B7CF00E40013 /* MovieAppTests.xctest */ = {isa = PBXFileReference; explicitFileType = wrapper.cfbundle; includeInIndex = 0; path = MovieAppTests.xctest; sourceTree = BUILT_PRODUCTS_DIR; };
		C80D347225E2B7CF00E40013 /* MovieAppTests.swift */ = {isa = PBXFileReference; lastKnownFileType = sourcecode.swift; path = MovieAppTests.swift; sourceTree = "<group>"; };
		C80D347425E2B7D000E40013 /* Info.plist */ = {isa = PBXFileReference; lastKnownFileType = text.plist.xml; path = Info.plist; sourceTree = "<group>"; };
		C80D347925E2B7D000E40013 /* MovieAppUITests.xctest */ = {isa = PBXFileReference; explicitFileType = wrapper.cfbundle; includeInIndex = 0; path = MovieAppUITests.xctest; sourceTree = BUILT_PRODUCTS_DIR; };
		C80D347D25E2B7D000E40013 /* MovieAppUITests.swift */ = {isa = PBXFileReference; lastKnownFileType = sourcecode.swift; path = MovieAppUITests.swift; sourceTree = "<group>"; };
		C80D347F25E2B7D000E40013 /* Info.plist */ = {isa = PBXFileReference; lastKnownFileType = text.plist.xml; path = Info.plist; sourceTree = "<group>"; };
		C80D349F25E2BD8200E40013 /* LoginViewModel.swift */ = {isa = PBXFileReference; lastKnownFileType = sourcecode.swift; path = LoginViewModel.swift; sourceTree = "<group>"; };
		C80D34B925E2D93A00E40013 /* Observable.swift */ = {isa = PBXFileReference; lastKnownFileType = sourcecode.swift; path = Observable.swift; sourceTree = "<group>"; };
		C80D34C325E2FAD300E40013 /* AppDIContainer.swift */ = {isa = PBXFileReference; lastKnownFileType = sourcecode.swift; path = AppDIContainer.swift; sourceTree = "<group>"; };
		C80D34CB25E2FAEF00E40013 /* AppConfiguration.swift */ = {isa = PBXFileReference; lastKnownFileType = sourcecode.swift; path = AppConfiguration.swift; sourceTree = "<group>"; };
		C80D34D025E2FB3100E40013 /* MoviesSceneDIContainer.swift */ = {isa = PBXFileReference; lastKnownFileType = sourcecode.swift; path = MoviesSceneDIContainer.swift; sourceTree = "<group>"; };
		C80D34D925E2FBA500E40013 /* DataTransferService.swift */ = {isa = PBXFileReference; lastKnownFileType = sourcecode.swift; path = DataTransferService.swift; sourceTree = "<group>"; };
		C80D34DE25E2FBC500E40013 /* NetworkService.swift */ = {isa = PBXFileReference; lastKnownFileType = sourcecode.swift; path = NetworkService.swift; sourceTree = "<group>"; };
		C80D34E325E2FBF400E40013 /* Endpoint.swift */ = {isa = PBXFileReference; lastKnownFileType = sourcecode.swift; path = Endpoint.swift; sourceTree = "<group>"; };
		C80D34E825E2FC1200E40013 /* NetworkConfig.swift */ = {isa = PBXFileReference; lastKnownFileType = sourcecode.swift; path = NetworkConfig.swift; sourceTree = "<group>"; };
		C80D34ED25E3015100E40013 /* StoryboardInstantiable.swift */ = {isa = PBXFileReference; lastKnownFileType = sourcecode.swift; path = StoryboardInstantiable.swift; sourceTree = "<group>"; };
		C80D34F225E303CB00E40013 /* AppCoordinator.swift */ = {isa = PBXFileReference; lastKnownFileType = sourcecode.swift; path = AppCoordinator.swift; sourceTree = "<group>"; };
		C80D34F825E307A100E40013 /* LoginFlowCoordinator.swift */ = {isa = PBXFileReference; lastKnownFileType = sourcecode.swift; path = LoginFlowCoordinator.swift; sourceTree = "<group>"; };
		C80D352A25E3128A00E40013 /* Alertable.swift */ = {isa = PBXFileReference; lastKnownFileType = sourcecode.swift; path = Alertable.swift; sourceTree = "<group>"; };
		C80D353A25E31E2F00E40013 /* LoginUseCase.swift */ = {isa = PBXFileReference; lastKnownFileType = sourcecode.swift; path = LoginUseCase.swift; sourceTree = "<group>"; };
		C80D354025E31F4900E40013 /* DefaultLoginRepository.swift */ = {isa = PBXFileReference; lastKnownFileType = sourcecode.swift; path = DefaultLoginRepository.swift; sourceTree = "<group>"; };
		C80D354625E31F7E00E40013 /* LoginRepository.swift */ = {isa = PBXFileReference; lastKnownFileType = sourcecode.swift; path = LoginRepository.swift; sourceTree = "<group>"; };
		C80D354E25E337AC00E40013 /* MovieListViewModel.swift */ = {isa = PBXFileReference; lastKnownFileType = sourcecode.swift; path = MovieListViewModel.swift; sourceTree = "<group>"; };
		C80D355325E3389A00E40013 /* Movie.swift */ = {isa = PBXFileReference; lastKnownFileType = sourcecode.swift; path = Movie.swift; sourceTree = "<group>"; };
		C80D355825E33A5800E40013 /* SearchMovieUseCase.swift */ = {isa = PBXFileReference; lastKnownFileType = sourcecode.swift; path = SearchMovieUseCase.swift; sourceTree = "<group>"; };
		C80D356025E33AC200E40013 /* MoviesRepository.swift */ = {isa = PBXFileReference; lastKnownFileType = sourcecode.swift; path = MoviesRepository.swift; sourceTree = "<group>"; };
		C80D356525E33AE700E40013 /* MovieQuery.swift */ = {isa = PBXFileReference; lastKnownFileType = sourcecode.swift; path = MovieQuery.swift; sourceTree = "<group>"; };
		C80D356A25E33B1700E40013 /* Cancellable.swift */ = {isa = PBXFileReference; lastKnownFileType = sourcecode.swift; path = Cancellable.swift; sourceTree = "<group>"; };
		C80D356F25E33BA000E40013 /* DefaultMoviesRepository.swift */ = {isa = PBXFileReference; lastKnownFileType = sourcecode.swift; path = DefaultMoviesRepository.swift; sourceTree = "<group>"; };
		C80D357625E33CA900E40013 /* APIEndpoints.swift */ = {isa = PBXFileReference; lastKnownFileType = sourcecode.swift; path = APIEndpoints.swift; sourceTree = "<group>"; };
		C80D357B25E34B8300E40013 /* MoviesRequest+Mapping.swift */ = {isa = PBXFileReference; lastKnownFileType = sourcecode.swift; path = "MoviesRequest+Mapping.swift"; sourceTree = "<group>"; };
		C80D358025E34B9A00E40013 /* MoviesResponse+Mapping.swift */ = {isa = PBXFileReference; lastKnownFileType = sourcecode.swift; path = "MoviesResponse+Mapping.swift"; sourceTree = "<group>"; };
		C80D358625E34DBC00E40013 /* RepositoryTask.swift */ = {isa = PBXFileReference; lastKnownFileType = sourcecode.swift; path = RepositoryTask.swift; sourceTree = "<group>"; };
		C80D358B25E34F0500E40013 /* MovieListViewController.swift */ = {isa = PBXFileReference; lastKnownFileType = sourcecode.swift; path = MovieListViewController.swift; sourceTree = "<group>"; };
		C80D359025E34F1200E40013 /* MovieListViewController.storyboard */ = {isa = PBXFileReference; lastKnownFileType = file.storyboard; path = MovieListViewController.storyboard; sourceTree = "<group>"; };
		C80D359725E3557300E40013 /* MovieListTableViewController.swift */ = {isa = PBXFileReference; lastKnownFileType = sourcecode.swift; path = MovieListTableViewController.swift; sourceTree = "<group>"; };
		C80D359C25E356C500E40013 /* MovieListItemCell.swift */ = {isa = PBXFileReference; lastKnownFileType = sourcecode.swift; path = MovieListItemCell.swift; sourceTree = "<group>"; };
		C80D35A425E35CA700E40013 /* PosterImagesRepository.swift */ = {isa = PBXFileReference; lastKnownFileType = sourcecode.swift; path = PosterImagesRepository.swift; sourceTree = "<group>"; };
		C80D35A925E35D9000E40013 /* MovieListItemViewModel.swift */ = {isa = PBXFileReference; lastKnownFileType = sourcecode.swift; path = MovieListItemViewModel.swift; sourceTree = "<group>"; };
		C80D35B125E35F3C00E40013 /* ConnectionError.swift */ = {isa = PBXFileReference; lastKnownFileType = sourcecode.swift; path = ConnectionError.swift; sourceTree = "<group>"; };
		C80D35B625E3603900E40013 /* MovieSearchFlowCoordinator.swift */ = {isa = PBXFileReference; lastKnownFileType = sourcecode.swift; path = MovieSearchFlowCoordinator.swift; sourceTree = "<group>"; };
		C80D35BB25E3633600E40013 /* DefaultPosterImagesRepository.swift */ = {isa = PBXFileReference; lastKnownFileType = sourcecode.swift; path = DefaultPosterImagesRepository.swift; sourceTree = "<group>"; };
		C80D35C025E36C7400E40013 /* AccessibilityIdentifier.swift */ = {isa = PBXFileReference; lastKnownFileType = sourcecode.swift; path = AccessibilityIdentifier.swift; sourceTree = "<group>"; };
		C80D35C525E36D8700E40013 /* UIImageView+ImageSizeAfterAspectFit.swift */ = {isa = PBXFileReference; lastKnownFileType = sourcecode.swift; path = "UIImageView+ImageSizeAfterAspectFit.swift"; sourceTree = "<group>"; };
		C80D35CA25E36E0300E40013 /* UIViewController+make.swift */ = {isa = PBXFileReference; lastKnownFileType = sourcecode.swift; path = "UIViewController+make.swift"; sourceTree = "<group>"; };
		C80D35CF25E36E9A00E40013 /* CGSize+ScaledSize.swift */ = {isa = PBXFileReference; lastKnownFileType = sourcecode.swift; path = "CGSize+ScaledSize.swift"; sourceTree = "<group>"; };
		C80D35D425E36EF100E40013 /* LoadingView.swift */ = {isa = PBXFileReference; lastKnownFileType = sourcecode.swift; path = LoadingView.swift; sourceTree = "<group>"; };
		C80D35DA25E36FC400E40013 /* BackButtonEmptyTitleNavigationBarBehavior.swift */ = {isa = PBXFileReference; lastKnownFileType = sourcecode.swift; path = BackButtonEmptyTitleNavigationBarBehavior.swift; sourceTree = "<group>"; };
		C80D35E225E36FE900E40013 /* BlackStyleNavigationBarBehavior.swift */ = {isa = PBXFileReference; lastKnownFileType = sourcecode.swift; path = BlackStyleNavigationBarBehavior.swift; sourceTree = "<group>"; };
		C80D35E725E3701300E40013 /* UIViewController+AddBehaviors.swift */ = {isa = PBXFileReference; lastKnownFileType = sourcecode.swift; path = "UIViewController+AddBehaviors.swift"; sourceTree = "<group>"; };
/* End PBXFileReference section */

/* Begin PBXFrameworksBuildPhase section */
		C80D345225E2B7CD00E40013 /* Frameworks */ = {
			isa = PBXFrameworksBuildPhase;
			buildActionMask = 2147483647;
			files = (
			);
			runOnlyForDeploymentPostprocessing = 0;
		};
		C80D346B25E2B7CF00E40013 /* Frameworks */ = {
			isa = PBXFrameworksBuildPhase;
			buildActionMask = 2147483647;
			files = (
			);
			runOnlyForDeploymentPostprocessing = 0;
		};
		C80D347625E2B7D000E40013 /* Frameworks */ = {
			isa = PBXFrameworksBuildPhase;
			buildActionMask = 2147483647;
			files = (
			);
			runOnlyForDeploymentPostprocessing = 0;
		};
/* End PBXFrameworksBuildPhase section */

/* Begin PBXGroup section */
		C80D344C25E2B7CC00E40013 = {
			isa = PBXGroup;
			children = (
				C80D345725E2B7CD00E40013 /* MovieApp */,
				C80D347125E2B7CF00E40013 /* MovieAppTests */,
				C80D347C25E2B7D000E40013 /* MovieAppUITests */,
				C80D345625E2B7CD00E40013 /* Products */,
			);
			sourceTree = "<group>";
		};
		C80D345625E2B7CD00E40013 /* Products */ = {
			isa = PBXGroup;
			children = (
				C80D345525E2B7CD00E40013 /* MovieApp.app */,
				C80D346E25E2B7CF00E40013 /* MovieAppTests.xctest */,
				C80D347925E2B7D000E40013 /* MovieAppUITests.xctest */,
			);
			name = Products;
			sourceTree = "<group>";
		};
		C80D345725E2B7CD00E40013 /* MovieApp */ = {
			isa = PBXGroup;
			children = (
				C80D349225E2B98D00E40013 /* Application */,
				C80D349325E2B9C700E40013 /* Presentation */,
				C80D349425E2B9CF00E40013 /* Domain */,
				C80D349525E2B9D500E40013 /* Data */,
				C80D349725E2B9E900E40013 /* Common */,
				C80D349625E2B9DD00E40013 /* Infraestructure */,
				C80D348E25E2B95800E40013 /* Resources */,
				C80D346125E2B7CD00E40013 /* MovieApp.xcdatamodeld */,
			);
			path = MovieApp;
			sourceTree = "<group>";
		};
		C80D347125E2B7CF00E40013 /* MovieAppTests */ = {
			isa = PBXGroup;
			children = (
				C80D347225E2B7CF00E40013 /* MovieAppTests.swift */,
				C80D347425E2B7D000E40013 /* Info.plist */,
			);
			path = MovieAppTests;
			sourceTree = "<group>";
		};
		C80D347C25E2B7D000E40013 /* MovieAppUITests */ = {
			isa = PBXGroup;
			children = (
				C80D347D25E2B7D000E40013 /* MovieAppUITests.swift */,
				C80D347F25E2B7D000E40013 /* Info.plist */,
			);
			path = MovieAppUITests;
			sourceTree = "<group>";
		};
		C80D348E25E2B95800E40013 /* Resources */ = {
			isa = PBXGroup;
			children = (
				C80D346925E2B7CF00E40013 /* Info.plist */,
				C80D346425E2B7CF00E40013 /* Assets.xcassets */,
				C80D346625E2B7CF00E40013 /* LaunchScreen.storyboard */,
			);
			path = Resources;
			sourceTree = "<group>";
		};
		C80D349225E2B98D00E40013 /* Application */ = {
			isa = PBXGroup;
			children = (
				C80D345825E2B7CD00E40013 /* AppDelegate.swift */,
				C80D34CB25E2FAEF00E40013 /* AppConfiguration.swift */,
				C80D34F225E303CB00E40013 /* AppCoordinator.swift */,
				C80D34C125E2FAB300E40013 /* DIContainer */,
			);
			path = Application;
			sourceTree = "<group>";
		};
		C80D349325E2B9C700E40013 /* Presentation */ = {
			isa = PBXGroup;
			children = (
				C80D349825E2BCD800E40013 /* Scenes */,
				C80D349925E2BCE100E40013 /* Utils */,
			);
			path = Presentation;
			sourceTree = "<group>";
		};
		C80D349425E2B9CF00E40013 /* Domain */ = {
			isa = PBXGroup;
			children = (
				C80D352F25E3179B00E40013 /* Entities */,
				C80D353825E31DF800E40013 /* UseCases */,
				C80D353925E31E0800E40013 /* Interfaces */,
			);
			path = Domain;
			sourceTree = "<group>";
		};
		C80D349525E2B9D500E40013 /* Data */ = {
			isa = PBXGroup;
			children = (
				C80D353F25E31F2500E40013 /* Repositories */,
				C80D357425E33C4300E40013 /* Network */,
			);
			path = Data;
			sourceTree = "<group>";
		};
		C80D349625E2B9DD00E40013 /* Infraestructure */ = {
			isa = PBXGroup;
			children = (
				C80D34D825E2FB9300E40013 /* Network */,
			);
			path = Infraestructure;
			sourceTree = "<group>";
		};
		C80D349725E2B9E900E40013 /* Common */ = {
			isa = PBXGroup;
			children = (
				C80D356A25E33B1700E40013 /* Cancellable.swift */,
				C80D35B125E35F3C00E40013 /* ConnectionError.swift */,
			);
			path = Common;
			sourceTree = "<group>";
		};
		C80D349825E2BCD800E40013 /* Scenes */ = {
			isa = PBXGroup;
			children = (
				C80D35D925E36FAF00E40013 /* Behaviors */,
				C80D34F725E3078B00E40013 /* Flows */,
				C80D349C25E2BD2000E40013 /* Login */,
				C80D354B25E3375D00E40013 /* Movies */,
			);
			path = Scenes;
			sourceTree = "<group>";
		};
		C80D349925E2BCE100E40013 /* Utils */ = {
			isa = PBXGroup;
			children = (
				C80D349A25E2BCF600E40013 /* Extensions */,
				C80D349B25E2BCFF00E40013 /* Protocols */,
				C80D34B925E2D93A00E40013 /* Observable.swift */,
				C80D35C025E36C7400E40013 /* AccessibilityIdentifier.swift */,
				C80D35D425E36EF100E40013 /* LoadingView.swift */,
				C80D35E725E3701300E40013 /* UIViewController+AddBehaviors.swift */,
			);
			path = Utils;
			sourceTree = "<group>";
		};
		C80D349A25E2BCF600E40013 /* Extensions */ = {
			isa = PBXGroup;
			children = (
				C80D35C525E36D8700E40013 /* UIImageView+ImageSizeAfterAspectFit.swift */,
				C80D35CA25E36E0300E40013 /* UIViewController+make.swift */,
				C80D35CF25E36E9A00E40013 /* CGSize+ScaledSize.swift */,
			);
			path = Extensions;
			sourceTree = "<group>";
		};
		C80D349B25E2BCFF00E40013 /* Protocols */ = {
			isa = PBXGroup;
			children = (
				C80D34ED25E3015100E40013 /* StoryboardInstantiable.swift */,
				C80D352A25E3128A00E40013 /* Alertable.swift */,
			);
			path = Protocols;
			sourceTree = "<group>";
		};
		C80D349C25E2BD2000E40013 /* Login */ = {
			isa = PBXGroup;
			children = (
				C80D349D25E2BD3600E40013 /* ViewModel */,
				C80D349E25E2BD4000E40013 /* View */,
			);
			path = Login;
			sourceTree = "<group>";
		};
		C80D349D25E2BD3600E40013 /* ViewModel */ = {
			isa = PBXGroup;
			children = (
				C80D349F25E2BD8200E40013 /* LoginViewModel.swift */,
			);
			path = ViewModel;
			sourceTree = "<group>";
		};
		C80D349E25E2BD4000E40013 /* View */ = {
			isa = PBXGroup;
			children = (
				C80D345C25E2B7CD00E40013 /* LoginViewController.swift */,
				C80D345E25E2B7CD00E40013 /* LoginViewController.storyboard */,
			);
			path = View;
			sourceTree = "<group>";
		};
		C80D34C125E2FAB300E40013 /* DIContainer */ = {
			isa = PBXGroup;
			children = (
				C80D34C325E2FAD300E40013 /* AppDIContainer.swift */,
				C80D34D025E2FB3100E40013 /* MoviesSceneDIContainer.swift */,
			);
			path = DIContainer;
			sourceTree = "<group>";
		};
		C80D34D825E2FB9300E40013 /* Network */ = {
			isa = PBXGroup;
			children = (
				C80D34D925E2FBA500E40013 /* DataTransferService.swift */,
				C80D34DE25E2FBC500E40013 /* NetworkService.swift */,
				C80D34E325E2FBF400E40013 /* Endpoint.swift */,
				C80D34E825E2FC1200E40013 /* NetworkConfig.swift */,
			);
			path = Network;
			sourceTree = "<group>";
		};
		C80D34F725E3078B00E40013 /* Flows */ = {
			isa = PBXGroup;
			children = (
				C80D34F825E307A100E40013 /* LoginFlowCoordinator.swift */,
				C80D35B625E3603900E40013 /* MovieSearchFlowCoordinator.swift */,
			);
			path = Flows;
			sourceTree = "<group>";
		};
		C80D352F25E3179B00E40013 /* Entities */ = {
			isa = PBXGroup;
			children = (
				C80D355325E3389A00E40013 /* Movie.swift */,
				C80D356525E33AE700E40013 /* MovieQuery.swift */,
			);
			path = Entities;
			sourceTree = "<group>";
		};
		C80D353825E31DF800E40013 /* UseCases */ = {
			isa = PBXGroup;
			children = (
				C80D353A25E31E2F00E40013 /* LoginUseCase.swift */,
				C80D355825E33A5800E40013 /* SearchMovieUseCase.swift */,
			);
			path = UseCases;
			sourceTree = "<group>";
		};
		C80D353925E31E0800E40013 /* Interfaces */ = {
			isa = PBXGroup;
			children = (
				C80D354525E31F6800E40013 /* Repositories */,
			);
			path = Interfaces;
			sourceTree = "<group>";
		};
		C80D353F25E31F2500E40013 /* Repositories */ = {
			isa = PBXGroup;
			children = (
				C80D354025E31F4900E40013 /* DefaultLoginRepository.swift */,
				C80D356F25E33BA000E40013 /* DefaultMoviesRepository.swift */,
				C80D358525E34DB100E40013 /* Utils */,
				C80D35BB25E3633600E40013 /* DefaultPosterImagesRepository.swift */,
			);
			path = Repositories;
			sourceTree = "<group>";
		};
		C80D354525E31F6800E40013 /* Repositories */ = {
			isa = PBXGroup;
			children = (
				C80D354625E31F7E00E40013 /* LoginRepository.swift */,
				C80D356025E33AC200E40013 /* MoviesRepository.swift */,
				C80D35A425E35CA700E40013 /* PosterImagesRepository.swift */,
			);
			path = Repositories;
			sourceTree = "<group>";
		};
		C80D354B25E3375D00E40013 /* Movies */ = {
			isa = PBXGroup;
			children = (
				C80D354C25E3377600E40013 /* ViewModel */,
				C80D354D25E3377E00E40013 /* View */,
			);
			path = Movies;
			sourceTree = "<group>";
		};
		C80D354C25E3377600E40013 /* ViewModel */ = {
			isa = PBXGroup;
			children = (
				C80D354E25E337AC00E40013 /* MovieListViewModel.swift */,
				C80D35A925E35D9000E40013 /* MovieListItemViewModel.swift */,
			);
			path = ViewModel;
			sourceTree = "<group>";
		};
		C80D354D25E3377E00E40013 /* View */ = {
			isa = PBXGroup;
			children = (
				C80D358B25E34F0500E40013 /* MovieListViewController.swift */,
				C80D359025E34F1200E40013 /* MovieListViewController.storyboard */,
				C80D359525E3553900E40013 /* MovieListTableView */,
			);
			path = View;
			sourceTree = "<group>";
		};
		C80D357425E33C4300E40013 /* Network */ = {
			isa = PBXGroup;
			children = (
				C80D357525E33C9200E40013 /* DataMapping */,
				C80D357625E33CA900E40013 /* APIEndpoints.swift */,
			);
			path = Network;
			sourceTree = "<group>";
		};
		C80D357525E33C9200E40013 /* DataMapping */ = {
			isa = PBXGroup;
			children = (
				C80D357B25E34B8300E40013 /* MoviesRequest+Mapping.swift */,
				C80D358025E34B9A00E40013 /* MoviesResponse+Mapping.swift */,
			);
			path = DataMapping;
			sourceTree = "<group>";
		};
		C80D358525E34DB100E40013 /* Utils */ = {
			isa = PBXGroup;
			children = (
				C80D358625E34DBC00E40013 /* RepositoryTask.swift */,
			);
			path = Utils;
			sourceTree = "<group>";
		};
		C80D359525E3553900E40013 /* MovieListTableView */ = {
			isa = PBXGroup;
			children = (
				C80D359725E3557300E40013 /* MovieListTableViewController.swift */,
				C80D359625E3555300E40013 /* Cells */,
			);
			path = MovieListTableView;
			sourceTree = "<group>";
		};
		C80D359625E3555300E40013 /* Cells */ = {
			isa = PBXGroup;
			children = (
				C80D359C25E356C500E40013 /* MovieListItemCell.swift */,
			);
			path = Cells;
			sourceTree = "<group>";
		};
		C80D35D925E36FAF00E40013 /* Behaviors */ = {
			isa = PBXGroup;
			children = (
				C80D35DA25E36FC400E40013 /* BackButtonEmptyTitleNavigationBarBehavior.swift */,
				C80D35E225E36FE900E40013 /* BlackStyleNavigationBarBehavior.swift */,
			);
			path = Behaviors;
			sourceTree = "<group>";
		};
/* End PBXGroup section */

/* Begin PBXNativeTarget section */
		C80D345425E2B7CD00E40013 /* MovieApp */ = {
			isa = PBXNativeTarget;
			buildConfigurationList = C80D348225E2B7D000E40013 /* Build configuration list for PBXNativeTarget "MovieApp" */;
			buildPhases = (
				C80D345125E2B7CD00E40013 /* Sources */,
				C80D345225E2B7CD00E40013 /* Frameworks */,
				C80D345325E2B7CD00E40013 /* Resources */,
			);
			buildRules = (
			);
			dependencies = (
			);
			name = MovieApp;
			productName = MovieApp;
			productReference = C80D345525E2B7CD00E40013 /* MovieApp.app */;
			productType = "com.apple.product-type.application";
		};
		C80D346D25E2B7CF00E40013 /* MovieAppTests */ = {
			isa = PBXNativeTarget;
			buildConfigurationList = C80D348525E2B7D000E40013 /* Build configuration list for PBXNativeTarget "MovieAppTests" */;
			buildPhases = (
				C80D346A25E2B7CF00E40013 /* Sources */,
				C80D346B25E2B7CF00E40013 /* Frameworks */,
				C80D346C25E2B7CF00E40013 /* Resources */,
			);
			buildRules = (
			);
			dependencies = (
				C80D347025E2B7CF00E40013 /* PBXTargetDependency */,
			);
			name = MovieAppTests;
			productName = MovieAppTests;
			productReference = C80D346E25E2B7CF00E40013 /* MovieAppTests.xctest */;
			productType = "com.apple.product-type.bundle.unit-test";
		};
		C80D347825E2B7D000E40013 /* MovieAppUITests */ = {
			isa = PBXNativeTarget;
			buildConfigurationList = C80D348825E2B7D000E40013 /* Build configuration list for PBXNativeTarget "MovieAppUITests" */;
			buildPhases = (
				C80D347525E2B7D000E40013 /* Sources */,
				C80D347625E2B7D000E40013 /* Frameworks */,
				C80D347725E2B7D000E40013 /* Resources */,
			);
			buildRules = (
			);
			dependencies = (
				C80D347B25E2B7D000E40013 /* PBXTargetDependency */,
			);
			name = MovieAppUITests;
			productName = MovieAppUITests;
			productReference = C80D347925E2B7D000E40013 /* MovieAppUITests.xctest */;
			productType = "com.apple.product-type.bundle.ui-testing";
		};
/* End PBXNativeTarget section */

/* Begin PBXProject section */
		C80D344D25E2B7CC00E40013 /* Project object */ = {
			isa = PBXProject;
			attributes = {
				LastSwiftUpdateCheck = 1230;
				LastUpgradeCheck = 1230;
				TargetAttributes = {
					C80D345425E2B7CD00E40013 = {
						CreatedOnToolsVersion = 12.3;
					};
					C80D346D25E2B7CF00E40013 = {
						CreatedOnToolsVersion = 12.3;
						TestTargetID = C80D345425E2B7CD00E40013;
					};
					C80D347825E2B7D000E40013 = {
						CreatedOnToolsVersion = 12.3;
						TestTargetID = C80D345425E2B7CD00E40013;
					};
				};
			};
			buildConfigurationList = C80D345025E2B7CC00E40013 /* Build configuration list for PBXProject "MovieApp" */;
			compatibilityVersion = "Xcode 9.3";
			developmentRegion = en;
			hasScannedForEncodings = 0;
			knownRegions = (
				en,
				Base,
			);
			mainGroup = C80D344C25E2B7CC00E40013;
			productRefGroup = C80D345625E2B7CD00E40013 /* Products */;
			projectDirPath = "";
			projectRoot = "";
			targets = (
				C80D345425E2B7CD00E40013 /* MovieApp */,
				C80D346D25E2B7CF00E40013 /* MovieAppTests */,
				C80D347825E2B7D000E40013 /* MovieAppUITests */,
			);
		};
/* End PBXProject section */

/* Begin PBXResourcesBuildPhase section */
		C80D345325E2B7CD00E40013 /* Resources */ = {
			isa = PBXResourcesBuildPhase;
			buildActionMask = 2147483647;
			files = (
				C80D359125E34F1200E40013 /* MovieListViewController.storyboard in Resources */,
				C80D346825E2B7CF00E40013 /* LaunchScreen.storyboard in Resources */,
				C80D346525E2B7CF00E40013 /* Assets.xcassets in Resources */,
				C80D346025E2B7CD00E40013 /* LoginViewController.storyboard in Resources */,
			);
			runOnlyForDeploymentPostprocessing = 0;
		};
		C80D346C25E2B7CF00E40013 /* Resources */ = {
			isa = PBXResourcesBuildPhase;
			buildActionMask = 2147483647;
			files = (
			);
			runOnlyForDeploymentPostprocessing = 0;
		};
		C80D347725E2B7D000E40013 /* Resources */ = {
			isa = PBXResourcesBuildPhase;
			buildActionMask = 2147483647;
			files = (
			);
			runOnlyForDeploymentPostprocessing = 0;
		};
/* End PBXResourcesBuildPhase section */

/* Begin PBXSourcesBuildPhase section */
		C80D345125E2B7CD00E40013 /* Sources */ = {
			isa = PBXSourcesBuildPhase;
			buildActionMask = 2147483647;
			files = (
				C80D359825E3557300E40013 /* MovieListTableViewController.swift in Sources */,
				C80D34DF25E2FBC500E40013 /* NetworkService.swift in Sources */,
				C80D34C425E2FAD300E40013 /* AppDIContainer.swift in Sources */,
				C80D356125E33AC200E40013 /* MoviesRepository.swift in Sources */,
				C80D357725E33CA900E40013 /* APIEndpoints.swift in Sources */,
				C80D355925E33A5800E40013 /* SearchMovieUseCase.swift in Sources */,
				C80D357025E33BA000E40013 /* DefaultMoviesRepository.swift in Sources */,
				C80D353B25E31E2F00E40013 /* LoginUseCase.swift in Sources */,
				C80D34E925E2FC1200E40013 /* NetworkConfig.swift in Sources */,
				C80D345D25E2B7CD00E40013 /* LoginViewController.swift in Sources */,
				C80D34EE25E3015100E40013 /* StoryboardInstantiable.swift in Sources */,
				C80D358125E34B9B00E40013 /* MoviesResponse+Mapping.swift in Sources */,
				C80D35BC25E3633600E40013 /* DefaultPosterImagesRepository.swift in Sources */,
				C80D35C125E36C7400E40013 /* AccessibilityIdentifier.swift in Sources */,
				C80D34CC25E2FAEF00E40013 /* AppConfiguration.swift in Sources */,
				C80D354725E31F7E00E40013 /* LoginRepository.swift in Sources */,
				C80D352B25E3128A00E40013 /* Alertable.swift in Sources */,
				C80D34BA25E2D93A00E40013 /* Observable.swift in Sources */,
				C80D358C25E34F0500E40013 /* MovieListViewController.swift in Sources */,
				C80D35D525E36EF100E40013 /* LoadingView.swift in Sources */,
				C80D34DA25E2FBA500E40013 /* DataTransferService.swift in Sources */,
				C80D35B225E35F3C00E40013 /* ConnectionError.swift in Sources */,
				C80D35A525E35CA700E40013 /* PosterImagesRepository.swift in Sources */,
				C80D35C625E36D8700E40013 /* UIImageView+ImageSizeAfterAspectFit.swift in Sources */,
				C80D345925E2B7CD00E40013 /* AppDelegate.swift in Sources */,
				C80D346325E2B7CD00E40013 /* MovieApp.xcdatamodeld in Sources */,
				C80D357C25E34B8300E40013 /* MoviesRequest+Mapping.swift in Sources */,
				C80D359D25E356C500E40013 /* MovieListItemCell.swift in Sources */,
				C80D356B25E33B1700E40013 /* Cancellable.swift in Sources */,
				C80D35E825E3701300E40013 /* UIViewController+AddBehaviors.swift in Sources */,
				C80D35CB25E36E0300E40013 /* UIViewController+make.swift in Sources */,
				C80D34F925E307A100E40013 /* LoginFlowCoordinator.swift in Sources */,
				C80D355425E3389A00E40013 /* Movie.swift in Sources */,
				C80D35D025E36E9A00E40013 /* CGSize+ScaledSize.swift in Sources */,
				C80D35DB25E36FC400E40013 /* BackButtonEmptyTitleNavigationBarBehavior.swift in Sources */,
				C80D35E325E36FE900E40013 /* BlackStyleNavigationBarBehavior.swift in Sources */,
				C80D35AA25E35D9000E40013 /* MovieListItemViewModel.swift in Sources */,
				C80D356625E33AE700E40013 /* MovieQuery.swift in Sources */,
				C80D354125E31F4900E40013 /* DefaultLoginRepository.swift in Sources */,
				C80D34D125E2FB3100E40013 /* MoviesSceneDIContainer.swift in Sources */,
				C80D34A025E2BD8200E40013 /* LoginViewModel.swift in Sources */,
				C80D358725E34DBC00E40013 /* RepositoryTask.swift in Sources */,
				C80D34F325E303CB00E40013 /* AppCoordinator.swift in Sources */,
				C80D34E425E2FBF400E40013 /* Endpoint.swift in Sources */,
				C80D35B725E3603900E40013 /* MovieSearchFlowCoordinator.swift in Sources */,
				C80D354F25E337AC00E40013 /* MovieListViewModel.swift in Sources */,
			);
			runOnlyForDeploymentPostprocessing = 0;
		};
		C80D346A25E2B7CF00E40013 /* Sources */ = {
			isa = PBXSourcesBuildPhase;
			buildActionMask = 2147483647;
			files = (
				C80D347325E2B7CF00E40013 /* MovieAppTests.swift in Sources */,
			);
			runOnlyForDeploymentPostprocessing = 0;
		};
		C80D347525E2B7D000E40013 /* Sources */ = {
			isa = PBXSourcesBuildPhase;
			buildActionMask = 2147483647;
			files = (
				C80D347E25E2B7D000E40013 /* MovieAppUITests.swift in Sources */,
			);
			runOnlyForDeploymentPostprocessing = 0;
		};
/* End PBXSourcesBuildPhase section */

/* Begin PBXTargetDependency section */
		C80D347025E2B7CF00E40013 /* PBXTargetDependency */ = {
			isa = PBXTargetDependency;
			target = C80D345425E2B7CD00E40013 /* MovieApp */;
			targetProxy = C80D346F25E2B7CF00E40013 /* PBXContainerItemProxy */;
		};
		C80D347B25E2B7D000E40013 /* PBXTargetDependency */ = {
			isa = PBXTargetDependency;
			target = C80D345425E2B7CD00E40013 /* MovieApp */;
			targetProxy = C80D347A25E2B7D000E40013 /* PBXContainerItemProxy */;
		};
/* End PBXTargetDependency section */

/* Begin PBXVariantGroup section */
		C80D345E25E2B7CD00E40013 /* LoginViewController.storyboard */ = {
			isa = PBXVariantGroup;
			children = (
				C80D345F25E2B7CD00E40013 /* Base */,
			);
			name = LoginViewController.storyboard;
			sourceTree = "<group>";
		};
		C80D346625E2B7CF00E40013 /* LaunchScreen.storyboard */ = {
			isa = PBXVariantGroup;
			children = (
				C80D346725E2B7CF00E40013 /* Base */,
			);
			name = LaunchScreen.storyboard;
			sourceTree = "<group>";
		};
/* End PBXVariantGroup section */

/* Begin XCBuildConfiguration section */
		C80D348025E2B7D000E40013 /* Debug */ = {
			isa = XCBuildConfiguration;
			buildSettings = {
				ALWAYS_SEARCH_USER_PATHS = NO;
				CLANG_ANALYZER_NONNULL = YES;
				CLANG_ANALYZER_NUMBER_OBJECT_CONVERSION = YES_AGGRESSIVE;
				CLANG_CXX_LANGUAGE_STANDARD = "gnu++14";
				CLANG_CXX_LIBRARY = "libc++";
				CLANG_ENABLE_MODULES = YES;
				CLANG_ENABLE_OBJC_ARC = YES;
				CLANG_ENABLE_OBJC_WEAK = YES;
				CLANG_WARN_BLOCK_CAPTURE_AUTORELEASING = YES;
				CLANG_WARN_BOOL_CONVERSION = YES;
				CLANG_WARN_COMMA = YES;
				CLANG_WARN_CONSTANT_CONVERSION = YES;
				CLANG_WARN_DEPRECATED_OBJC_IMPLEMENTATIONS = YES;
				CLANG_WARN_DIRECT_OBJC_ISA_USAGE = YES_ERROR;
				CLANG_WARN_DOCUMENTATION_COMMENTS = YES;
				CLANG_WARN_EMPTY_BODY = YES;
				CLANG_WARN_ENUM_CONVERSION = YES;
				CLANG_WARN_INFINITE_RECURSION = YES;
				CLANG_WARN_INT_CONVERSION = YES;
				CLANG_WARN_NON_LITERAL_NULL_CONVERSION = YES;
				CLANG_WARN_OBJC_IMPLICIT_RETAIN_SELF = YES;
				CLANG_WARN_OBJC_LITERAL_CONVERSION = YES;
				CLANG_WARN_OBJC_ROOT_CLASS = YES_ERROR;
				CLANG_WARN_QUOTED_INCLUDE_IN_FRAMEWORK_HEADER = YES;
				CLANG_WARN_RANGE_LOOP_ANALYSIS = YES;
				CLANG_WARN_STRICT_PROTOTYPES = YES;
				CLANG_WARN_SUSPICIOUS_MOVE = YES;
				CLANG_WARN_UNGUARDED_AVAILABILITY = YES_AGGRESSIVE;
				CLANG_WARN_UNREACHABLE_CODE = YES;
				CLANG_WARN__DUPLICATE_METHOD_MATCH = YES;
				COPY_PHASE_STRIP = NO;
				DEBUG_INFORMATION_FORMAT = dwarf;
				ENABLE_STRICT_OBJC_MSGSEND = YES;
				ENABLE_TESTABILITY = YES;
				GCC_C_LANGUAGE_STANDARD = gnu11;
				GCC_DYNAMIC_NO_PIC = NO;
				GCC_NO_COMMON_BLOCKS = YES;
				GCC_OPTIMIZATION_LEVEL = 0;
				GCC_PREPROCESSOR_DEFINITIONS = (
					"DEBUG=1",
					"$(inherited)",
				);
				GCC_WARN_64_TO_32_BIT_CONVERSION = YES;
				GCC_WARN_ABOUT_RETURN_TYPE = YES_ERROR;
				GCC_WARN_UNDECLARED_SELECTOR = YES;
				GCC_WARN_UNINITIALIZED_AUTOS = YES_AGGRESSIVE;
				GCC_WARN_UNUSED_FUNCTION = YES;
				GCC_WARN_UNUSED_VARIABLE = YES;
				IPHONEOS_DEPLOYMENT_TARGET = 14.3;
				MTL_ENABLE_DEBUG_INFO = INCLUDE_SOURCE;
				MTL_FAST_MATH = YES;
				ONLY_ACTIVE_ARCH = YES;
				SDKROOT = iphoneos;
				SWIFT_ACTIVE_COMPILATION_CONDITIONS = DEBUG;
				SWIFT_OPTIMIZATION_LEVEL = "-Onone";
			};
			name = Debug;
		};
		C80D348125E2B7D000E40013 /* Release */ = {
			isa = XCBuildConfiguration;
			buildSettings = {
				ALWAYS_SEARCH_USER_PATHS = NO;
				CLANG_ANALYZER_NONNULL = YES;
				CLANG_ANALYZER_NUMBER_OBJECT_CONVERSION = YES_AGGRESSIVE;
				CLANG_CXX_LANGUAGE_STANDARD = "gnu++14";
				CLANG_CXX_LIBRARY = "libc++";
				CLANG_ENABLE_MODULES = YES;
				CLANG_ENABLE_OBJC_ARC = YES;
				CLANG_ENABLE_OBJC_WEAK = YES;
				CLANG_WARN_BLOCK_CAPTURE_AUTORELEASING = YES;
				CLANG_WARN_BOOL_CONVERSION = YES;
				CLANG_WARN_COMMA = YES;
				CLANG_WARN_CONSTANT_CONVERSION = YES;
				CLANG_WARN_DEPRECATED_OBJC_IMPLEMENTATIONS = YES;
				CLANG_WARN_DIRECT_OBJC_ISA_USAGE = YES_ERROR;
				CLANG_WARN_DOCUMENTATION_COMMENTS = YES;
				CLANG_WARN_EMPTY_BODY = YES;
				CLANG_WARN_ENUM_CONVERSION = YES;
				CLANG_WARN_INFINITE_RECURSION = YES;
				CLANG_WARN_INT_CONVERSION = YES;
				CLANG_WARN_NON_LITERAL_NULL_CONVERSION = YES;
				CLANG_WARN_OBJC_IMPLICIT_RETAIN_SELF = YES;
				CLANG_WARN_OBJC_LITERAL_CONVERSION = YES;
				CLANG_WARN_OBJC_ROOT_CLASS = YES_ERROR;
				CLANG_WARN_QUOTED_INCLUDE_IN_FRAMEWORK_HEADER = YES;
				CLANG_WARN_RANGE_LOOP_ANALYSIS = YES;
				CLANG_WARN_STRICT_PROTOTYPES = YES;
				CLANG_WARN_SUSPICIOUS_MOVE = YES;
				CLANG_WARN_UNGUARDED_AVAILABILITY = YES_AGGRESSIVE;
				CLANG_WARN_UNREACHABLE_CODE = YES;
				CLANG_WARN__DUPLICATE_METHOD_MATCH = YES;
				COPY_PHASE_STRIP = NO;
				DEBUG_INFORMATION_FORMAT = "dwarf-with-dsym";
				ENABLE_NS_ASSERTIONS = NO;
				ENABLE_STRICT_OBJC_MSGSEND = YES;
				GCC_C_LANGUAGE_STANDARD = gnu11;
				GCC_NO_COMMON_BLOCKS = YES;
				GCC_WARN_64_TO_32_BIT_CONVERSION = YES;
				GCC_WARN_ABOUT_RETURN_TYPE = YES_ERROR;
				GCC_WARN_UNDECLARED_SELECTOR = YES;
				GCC_WARN_UNINITIALIZED_AUTOS = YES_AGGRESSIVE;
				GCC_WARN_UNUSED_FUNCTION = YES;
				GCC_WARN_UNUSED_VARIABLE = YES;
				IPHONEOS_DEPLOYMENT_TARGET = 14.3;
				MTL_ENABLE_DEBUG_INFO = NO;
				MTL_FAST_MATH = YES;
				SDKROOT = iphoneos;
				SWIFT_COMPILATION_MODE = wholemodule;
				SWIFT_OPTIMIZATION_LEVEL = "-O";
				VALIDATE_PRODUCT = YES;
			};
			name = Release;
		};
		C80D348325E2B7D000E40013 /* Debug */ = {
			isa = XCBuildConfiguration;
			buildSettings = {
				API_BASE_URL = "https://api.themoviedb.org";
				API_KEY = 7cfa4c4f84f4fc71a4e12161777cf483;
				ASSETCATALOG_COMPILER_APPICON_NAME = AppIcon;
				ASSETCATALOG_COMPILER_GLOBAL_ACCENT_COLOR_NAME = AccentColor;
				CODE_SIGN_STYLE = Automatic;
				IMAGE_BASE_URL = "https://image.tmdb.org";
				INFOPLIST_FILE = MovieApp/Resources/Info.plist;
				LD_RUNPATH_SEARCH_PATHS = (
					"$(inherited)",
					"@executable_path/Frameworks",
				);
				PRODUCT_BUNDLE_IDENTIFIER = me.wildercs.MovieApp;
				PRODUCT_NAME = "$(TARGET_NAME)";
				SWIFT_VERSION = 5.0;
				TARGETED_DEVICE_FAMILY = "1,2";
			};
			name = Debug;
		};
		C80D348425E2B7D000E40013 /* Release */ = {
			isa = XCBuildConfiguration;
			buildSettings = {
				API_BASE_URL = "https://api.themoviedb.org";
				API_KEY = 7cfa4c4f84f4fc71a4e12161777cf483;
				ASSETCATALOG_COMPILER_APPICON_NAME = AppIcon;
				ASSETCATALOG_COMPILER_GLOBAL_ACCENT_COLOR_NAME = AccentColor;
				CODE_SIGN_STYLE = Automatic;
				IMAGE_BASE_URL = "https://image.tmdb.org";
				INFOPLIST_FILE = MovieApp/Resources/Info.plist;
				LD_RUNPATH_SEARCH_PATHS = (
					"$(inherited)",
					"@executable_path/Frameworks",
				);
				PRODUCT_BUNDLE_IDENTIFIER = me.wildercs.MovieApp;
				PRODUCT_NAME = "$(TARGET_NAME)";
				SWIFT_VERSION = 5.0;
				TARGETED_DEVICE_FAMILY = "1,2";
			};
			name = Release;
		};
		C80D348625E2B7D000E40013 /* Debug */ = {
			isa = XCBuildConfiguration;
			buildSettings = {
				ALWAYS_EMBED_SWIFT_STANDARD_LIBRARIES = YES;
				BUNDLE_LOADER = "$(TEST_HOST)";
				CODE_SIGN_STYLE = Automatic;
				INFOPLIST_FILE = MovieAppTests/Info.plist;
				IPHONEOS_DEPLOYMENT_TARGET = 14.3;
				LD_RUNPATH_SEARCH_PATHS = (
					"$(inherited)",
					"@executable_path/Frameworks",
					"@loader_path/Frameworks",
				);
				PRODUCT_BUNDLE_IDENTIFIER = me.wildercs.MovieAppTests;
				PRODUCT_NAME = "$(TARGET_NAME)";
				SWIFT_VERSION = 5.0;
				TARGETED_DEVICE_FAMILY = "1,2";
				TEST_HOST = "$(BUILT_PRODUCTS_DIR)/MovieApp.app/MovieApp";
			};
			name = Debug;
		};
		C80D348725E2B7D000E40013 /* Release */ = {
			isa = XCBuildConfiguration;
			buildSettings = {
				ALWAYS_EMBED_SWIFT_STANDARD_LIBRARIES = YES;
				BUNDLE_LOADER = "$(TEST_HOST)";
				CODE_SIGN_STYLE = Automatic;
				INFOPLIST_FILE = MovieAppTests/Info.plist;
				IPHONEOS_DEPLOYMENT_TARGET = 14.3;
				LD_RUNPATH_SEARCH_PATHS = (
					"$(inherited)",
					"@executable_path/Frameworks",
					"@loader_path/Frameworks",
				);
				PRODUCT_BUNDLE_IDENTIFIER = me.wildercs.MovieAppTests;
				PRODUCT_NAME = "$(TARGET_NAME)";
				SWIFT_VERSION = 5.0;
				TARGETED_DEVICE_FAMILY = "1,2";
				TEST_HOST = "$(BUILT_PRODUCTS_DIR)/MovieApp.app/MovieApp";
			};
			name = Release;
		};
		C80D348925E2B7D000E40013 /* Debug */ = {
			isa = XCBuildConfiguration;
			buildSettings = {
				ALWAYS_EMBED_SWIFT_STANDARD_LIBRARIES = YES;
				CODE_SIGN_STYLE = Automatic;
				INFOPLIST_FILE = MovieAppUITests/Info.plist;
				LD_RUNPATH_SEARCH_PATHS = (
					"$(inherited)",
					"@executable_path/Frameworks",
					"@loader_path/Frameworks",
				);
				PRODUCT_BUNDLE_IDENTIFIER = me.wildercs.MovieAppUITests;
				PRODUCT_NAME = "$(TARGET_NAME)";
				SWIFT_VERSION = 5.0;
				TARGETED_DEVICE_FAMILY = "1,2";
				TEST_TARGET_NAME = MovieApp;
			};
			name = Debug;
		};
		C80D348A25E2B7D000E40013 /* Release */ = {
			isa = XCBuildConfiguration;
			buildSettings = {
				ALWAYS_EMBED_SWIFT_STANDARD_LIBRARIES = YES;
				CODE_SIGN_STYLE = Automatic;
				INFOPLIST_FILE = MovieAppUITests/Info.plist;
				LD_RUNPATH_SEARCH_PATHS = (
					"$(inherited)",
					"@executable_path/Frameworks",
					"@loader_path/Frameworks",
				);
				PRODUCT_BUNDLE_IDENTIFIER = me.wildercs.MovieAppUITests;
				PRODUCT_NAME = "$(TARGET_NAME)";
				SWIFT_VERSION = 5.0;
				TARGETED_DEVICE_FAMILY = "1,2";
				TEST_TARGET_NAME = MovieApp;
			};
			name = Release;
		};
/* End XCBuildConfiguration section */

/* Begin XCConfigurationList section */
		C80D345025E2B7CC00E40013 /* Build configuration list for PBXProject "MovieApp" */ = {
			isa = XCConfigurationList;
			buildConfigurations = (
				C80D348025E2B7D000E40013 /* Debug */,
				C80D348125E2B7D000E40013 /* Release */,
			);
			defaultConfigurationIsVisible = 0;
			defaultConfigurationName = Release;
		};
		C80D348225E2B7D000E40013 /* Build configuration list for PBXNativeTarget "MovieApp" */ = {
			isa = XCConfigurationList;
			buildConfigurations = (
				C80D348325E2B7D000E40013 /* Debug */,
				C80D348425E2B7D000E40013 /* Release */,
			);
			defaultConfigurationIsVisible = 0;
			defaultConfigurationName = Release;
		};
		C80D348525E2B7D000E40013 /* Build configuration list for PBXNativeTarget "MovieAppTests" */ = {
			isa = XCConfigurationList;
			buildConfigurations = (
				C80D348625E2B7D000E40013 /* Debug */,
				C80D348725E2B7D000E40013 /* Release */,
			);
			defaultConfigurationIsVisible = 0;
			defaultConfigurationName = Release;
		};
		C80D348825E2B7D000E40013 /* Build configuration list for PBXNativeTarget "MovieAppUITests" */ = {
			isa = XCConfigurationList;
			buildConfigurations = (
				C80D348925E2B7D000E40013 /* Debug */,
				C80D348A25E2B7D000E40013 /* Release */,
			);
			defaultConfigurationIsVisible = 0;
			defaultConfigurationName = Release;
		};
/* End XCConfigurationList section */

/* Begin XCVersionGroup section */
		C80D346125E2B7CD00E40013 /* MovieApp.xcdatamodeld */ = {
			isa = XCVersionGroup;
			children = (
				C80D346225E2B7CD00E40013 /* MovieApp.xcdatamodel */,
			);
			currentVersion = C80D346225E2B7CD00E40013 /* MovieApp.xcdatamodel */;
			path = MovieApp.xcdatamodeld;
			sourceTree = "<group>";
			versionGroupType = wrapper.xcdatamodel;
		};
/* End XCVersionGroup section */
	};
	rootObject = C80D344D25E2B7CC00E40013 /* Project object */;
}
